
Microsoft Visual Studio Solution File, Format Version 12.00
# Visual Studio Version 16
VisualStudioVersion = 16.0.30114.105
MinimumVisualStudioVersion = 10.0.40219.1
Project("{FAE04EC0-301F-11D3-BF4B-00C04F79EFBC}") = "ChineseCheckers", "ChineseCheckers\ChineseCheckers.csproj", "{5412699F-397E-424B-B2E2-6B30E604842F}"
EndProject
Project("{FAE04EC0-301F-11D3-BF4B-00C04F79EFBC}") = "ChineseCheckers.Test", "ChineseCheckers.Test\ChineseCheckers.Test.csproj", "{9B4F13C1-743D-495A-A879-A4DB7A9BD0AF}"
EndProject
Global
	GlobalSection(SolutionConfigurationPlatforms) = preSolution
		Debug|Any CPU = Debug|Any CPU
		Release|Any CPU = Release|Any CPU
	EndGlobalSection
	GlobalSection(ProjectConfigurationPlatforms) = postSolution
		{5412699F-397E-424B-B2E2-6B30E604842F}.Debug|Any CPU.ActiveCfg = Debug|Any CPU
		{5412699F-397E-424B-B2E2-6B30E604842F}.Debug|Any CPU.Build.0 = Debug|Any CPU
		{5412699F-397E-424B-B2E2-6B30E604842F}.Release|Any CPU.ActiveCfg = Release|Any CPU
		{5412699F-397E-424B-B2E2-6B30E604842F}.Release|Any CPU.Build.0 = Release|Any CPU
		{9B4F13C1-743D-495A-A879-A4DB7A9BD0AF}.Debug|Any CPU.ActiveCfg = Debug|Any CPU
		{9B4F13C1-743D-495A-A879-A4DB7A9BD0AF}.Debug|Any CPU.Build.0 = Debug|Any CPU
		{9B4F13C1-743D-495A-A879-A4DB7A9BD0AF}.Release|Any CPU.ActiveCfg = Release|Any CPU
		{9B4F13C1-743D-495A-A879-A4DB7A9BD0AF}.Release|Any CPU.Build.0 = Release|Any CPU
	EndGlobalSection
	GlobalSection(SolutionProperties) = preSolution
		HideSolutionNode = FALSE
	EndGlobalSection
	GlobalSection(ExtensibilityGlobals) = postSolution
		SolutionGuid = {C7AD2084-B72B-46CD-91D7-26A24D342A62}
	EndGlobalSection
EndGlobal
